
Microsoft Visual Studio Solution File, Format Version 12.00
# Visual Studio Version 17
VisualStudioVersion = 17.3.32901.215
MinimumVisualStudioVersion = 10.0.40219.1
Project("{FAE04EC0-301F-11D3-BF4B-00C04F79EFBC}") = "Entities", "Fonseca.LautaroJoaquin\Entities.csproj", "{B53F9EE8-CE69-4059-83FF-F08CBC777574}"
EndProject
Project("{FAE04EC0-301F-11D3-BF4B-00C04F79EFBC}") = "UI", "UI\UI.csproj", "{C08AC235-D6A2-46DE-86CE-340C0844EB8A}"
EndProject
Global
	GlobalSection(SolutionConfigurationPlatforms) = preSolution
		Debug|Any CPU = Debug|Any CPU
		Release|Any CPU = Release|Any CPU
	EndGlobalSection
	GlobalSection(ProjectConfigurationPlatforms) = postSolution
		{B53F9EE8-CE69-4059-83FF-F08CBC777574}.Debug|Any CPU.ActiveCfg = Debug|Any CPU
		{B53F9EE8-CE69-4059-83FF-F08CBC777574}.Debug|Any CPU.Build.0 = Debug|Any CPU
		{B53F9EE8-CE69-4059-83FF-F08CBC777574}.Release|Any CPU.ActiveCfg = Release|Any CPU
		{B53F9EE8-CE69-4059-83FF-F08CBC777574}.Release|Any CPU.Build.0 = Release|Any CPU
		{C08AC235-D6A2-46DE-86CE-340C0844EB8A}.Debug|Any CPU.ActiveCfg = Debug|Any CPU
		{C08AC235-D6A2-46DE-86CE-340C0844EB8A}.Debug|Any CPU.Build.0 = Debug|Any CPU
		{C08AC235-D6A2-46DE-86CE-340C0844EB8A}.Release|Any CPU.ActiveCfg = Release|Any CPU
		{C08AC235-D6A2-46DE-86CE-340C0844EB8A}.Release|Any CPU.Build.0 = Release|Any CPU
	EndGlobalSection
	GlobalSection(SolutionProperties) = preSolution
		HideSolutionNode = FALSE
	EndGlobalSection
	GlobalSection(ExtensibilityGlobals) = postSolution
		SolutionGuid = {5318298B-3590-4FAA-B7FA-A563E7EB3E7C}
	EndGlobalSection
EndGlobal
