
Microsoft Visual Studio Solution File, Format Version 12.00
# Visual Studio Version 17
VisualStudioVersion = 17.5.33530.505
MinimumVisualStudioVersion = 10.0.40219.1
Project("{9A19103F-16F7-4668-BE54-9A1E7A4F7556}") = "Formulario", "Formulario\Formulario.csproj", "{FAC93B96-52A0-4379-B907-B94C4394A1E3}"
EndProject
Project("{FAE04EC0-301F-11D3-BF4B-00C04F79EFBC}") = "Entidades", "ClassLibrary1\Entidades.csproj", "{67599F6F-858C-4731-B76D-35EF01BCFEC1}"
EndProject
Global
	GlobalSection(SolutionConfigurationPlatforms) = preSolution
		Debug|Any CPU = Debug|Any CPU
		Release|Any CPU = Release|Any CPU
	EndGlobalSection
	GlobalSection(ProjectConfigurationPlatforms) = postSolution
		{FAC93B96-52A0-4379-B907-B94C4394A1E3}.Debug|Any CPU.ActiveCfg = Debug|Any CPU
		{FAC93B96-52A0-4379-B907-B94C4394A1E3}.Debug|Any CPU.Build.0 = Debug|Any CPU
		{FAC93B96-52A0-4379-B907-B94C4394A1E3}.Release|Any CPU.ActiveCfg = Release|Any CPU
		{FAC93B96-52A0-4379-B907-B94C4394A1E3}.Release|Any CPU.Build.0 = Release|Any CPU
		{67599F6F-858C-4731-B76D-35EF01BCFEC1}.Debug|Any CPU.ActiveCfg = Debug|Any CPU
		{67599F6F-858C-4731-B76D-35EF01BCFEC1}.Debug|Any CPU.Build.0 = Debug|Any CPU
		{67599F6F-858C-4731-B76D-35EF01BCFEC1}.Release|Any CPU.ActiveCfg = Release|Any CPU
		{67599F6F-858C-4731-B76D-35EF01BCFEC1}.Release|Any CPU.Build.0 = Release|Any CPU
	EndGlobalSection
	GlobalSection(SolutionProperties) = preSolution
		HideSolutionNode = FALSE
	EndGlobalSection
	GlobalSection(ExtensibilityGlobals) = postSolution
		SolutionGuid = {25B3CCCE-EBCB-4BC6-9921-E88E09C61116}
	EndGlobalSection
EndGlobal
